Microsoft Visual Studio Solution File, Format Version 12.00
# Visual Studio Version 17
VisualStudioVersion = 17.13.35919.96
MinimumVisualStudioVersion = 10.0.40219.1
Project("{2150E333-8FDC-42A3-9474-1A3956D46DE8}") = "src", "src", "{02EA681E-C7D8-13C7-8484-4AC65E1B71E8}"
EndProject
Project("{FAE04EC0-301F-11D3-BF4B-00C04F79EFBC}") = "Domain", "Domain\Domain.csproj", "{D35FA5E1-D22C-4330-83C3-572527CBA845}"
EndProject
Project("{FAE04EC0-301F-11D3-BF4B-00C04F79EFBC}") = "Application", "Application\Application.csproj", "{F0EB54A3-9C91-4B18-82A3-164C7C4BCC17}"
EndProject
Project("{FAE04EC0-301F-11D3-BF4B-00C04F79EFBC}") = "Infrastructure", "Infrastructure\Infrastructure.csproj", "{201B0E94-0A84-4AEF-BD0F-4D0FDB7FAFE6}"
EndProject
Project("{FAE04EC0-301F-11D3-BF4B-00C04F79EFBC}") = "Web", "Web\Web.csproj", "{599C4A9A-9766-4499-892C-8B7FAD6E131F}"
EndProject
Global
	GlobalSection(SolutionConfigurationPlatforms) = preSolution
		Debug|Any CPU = Debug|Any CPU
		Release|Any CPU = Release|Any CPU
	EndGlobalSection
	GlobalSection(ProjectConfigurationPlatforms) = postSolution
		{D35FA5E1-D22C-4330-83C3-572527CBA845}.Debug|Any CPU.ActiveCfg = Debug|Any CPU
		{D35FA5E1-D22C-4330-83C3-572527CBA845}.Debug|Any CPU.Build.0 = Debug|Any CPU
		{D35FA5E1-D22C-4330-83C3-572527CBA845}.Release|Any CPU.ActiveCfg = Release|Any CPU
		{D35FA5E1-D22C-4330-83C3-572527CBA845}.Release|Any CPU.Build.0 = Release|Any CPU
		{F0EB54A3-9C91-4B18-82A3-164C7C4BCC17}.Debug|Any CPU.ActiveCfg = Debug|Any CPU
		{F0EB54A3-9C91-4B18-82A3-164C7C4BCC17}.Debug|Any CPU.Build.0 = Debug|Any CPU
		{F0EB54A3-9C91-4B18-82A3-164C7C4BCC17}.Release|Any CPU.ActiveCfg = Release|Any CPU
		{F0EB54A3-9C91-4B18-82A3-164C7C4BCC17}.Release|Any CPU.Build.0 = Release|Any CPU
		{201B0E94-0A84-4AEF-BD0F-4D0FDB7FAFE6}.Debug|Any CPU.ActiveCfg = Debug|Any CPU
		{201B0E94-0A84-4AEF-BD0F-4D0FDB7FAFE6}.Debug|Any CPU.Build.0 = Debug|Any CPU
		{201B0E94-0A84-4AEF-BD0F-4D0FDB7FAFE6}.Release|Any CPU.ActiveCfg = Release|Any CPU
		{201B0E94-0A84-4AEF-BD0F-4D0FDB7FAFE6}.Release|Any CPU.Build.0 = Release|Any CPU
		{599C4A9A-9766-4499-892C-8B7FAD6E131F}.Debug|Any CPU.ActiveCfg = Debug|Any CPU
		{599C4A9A-9766-4499-892C-8B7FAD6E131F}.Debug|Any CPU.Build.0 = Debug|Any CPU
		{599C4A9A-9766-4499-892C-8B7FAD6E131F}.Release|Any CPU.ActiveCfg = Release|Any CPU
		{599C4A9A-9766-4499-892C-8B7FAD6E131F}.Release|Any CPU.Build.0 = Release|Any CPU
	EndGlobalSection
	GlobalSection(SolutionProperties) = preSolution
		HideSolutionNode = FALSE
	EndGlobalSection
	GlobalSection(NestedProjects) = preSolution
		{D35FA5E1-D22C-4330-83C3-572527CBA845} = {02EA681E-C7D8-13C7-8484-4AC65E1B71E8}
		{F0EB54A3-9C91-4B18-82A3-164C7C4BCC17} = {02EA681E-C7D8-13C7-8484-4AC65E1B71E8}
		{201B0E94-0A84-4AEF-BD0F-4D0FDB7FAFE6} = {02EA681E-C7D8-13C7-8484-4AC65E1B71E8}
		{599C4A9A-9766-4499-892C-8B7FAD6E131F} = {02EA681E-C7D8-13C7-8484-4AC65E1B71E8}
	EndGlobalSection
	GlobalSection(ExtensibilityGlobals) = postSolution
		SolutionGuid = {73518126-E00C-4EDA-961E-7E102A9C87BA}
	EndGlobalSection
EndGlobal
